
Microsoft Visual Studio Solution File, Format Version 12.00
# Visual Studio Version 16
VisualStudioVersion = 16.0.29920.165
MinimumVisualStudioVersion = 10.0.40219.1
Project("{FAE04EC0-301F-11D3-BF4B-00C04F79EFBC}") = "FezFeather_WiFi_Firmware_Update", "FezFeather_WiFi_Firmware_Update\FezFeather_WiFi_Firmware_Update.csproj", "{5D80DB27-7281-41F0-A1B6-99879E379E10}"
EndProject
Global
	GlobalSection(SolutionConfigurationPlatforms) = preSolution
		Debug|Any CPU = Debug|Any CPU
		Release|Any CPU = Release|Any CPU
	EndGlobalSection
	GlobalSection(ProjectConfigurationPlatforms) = postSolution
		{5D80DB27-7281-41F0-A1B6-99879E379E10}.Debug|Any CPU.ActiveCfg = Debug|Any CPU
		{5D80DB27-7281-41F0-A1B6-99879E379E10}.Debug|Any CPU.Build.0 = Debug|Any CPU
		{5D80DB27-7281-41F0-A1B6-99879E379E10}.Debug|Any CPU.Deploy.0 = Debug|Any CPU
		{5D80DB27-7281-41F0-A1B6-99879E379E10}.Release|Any CPU.ActiveCfg = Release|Any CPU
		{5D80DB27-7281-41F0-A1B6-99879E379E10}.Release|Any CPU.Build.0 = Release|Any CPU
		{5D80DB27-7281-41F0-A1B6-99879E379E10}.Release|Any CPU.Deploy.0 = Release|Any CPU
	EndGlobalSection
	GlobalSection(SolutionProperties) = preSolution
		HideSolutionNode = FALSE
	EndGlobalSection
	GlobalSection(ExtensibilityGlobals) = postSolution
		SolutionGuid = {CC27A357-339B-4CF5-92CD-BDB52F3C6C4C}
	EndGlobalSection
EndGlobal
